
Microsoft Visual Studio Solution File, Format Version 12.00
# Visual Studio Version 16
VisualStudioVersion = 16.0.29326.143
MinimumVisualStudioVersion = 10.0.40219.1
Project("{FAE04EC0-301F-11D3-BF4B-00C04F79EFBC}") = "Prob2", "Prob2\Prob2.csproj", "{874F103E-90E7-413B-8BF1-ACCE301097FF}"
EndProject
Global
	GlobalSection(SolutionConfigurationPlatforms) = preSolution
		Debug|Any CPU = Debug|Any CPU
		Release|Any CPU = Release|Any CPU
	EndGlobalSection
	GlobalSection(ProjectConfigurationPlatforms) = postSolution
		{874F103E-90E7-413B-8BF1-ACCE301097FF}.Debug|Any CPU.ActiveCfg = Debug|Any CPU
		{874F103E-90E7-413B-8BF1-ACCE301097FF}.Debug|Any CPU.Build.0 = Debug|Any CPU
		{874F103E-90E7-413B-8BF1-ACCE301097FF}.Release|Any CPU.ActiveCfg = Release|Any CPU
		{874F103E-90E7-413B-8BF1-ACCE301097FF}.Release|Any CPU.Build.0 = Release|Any CPU
	EndGlobalSection
	GlobalSection(SolutionProperties) = preSolution
		HideSolutionNode = FALSE
	EndGlobalSection
	GlobalSection(ExtensibilityGlobals) = postSolution
		SolutionGuid = {E173B648-4C17-4E7F-B470-80EC8047AB98}
	EndGlobalSection
EndGlobal
